// !$*UTF8*$!
{
	archiveVersion = 1;
	classes = {
	};
	objectVersion = 50;
	objects = {

/* Begin PBXBuildFile section */
		E28A317B227A529D009A851D /* BSTDriver.cpp in Sources */ = {isa = PBXBuildFile; fileRef = E28A3175227A529D009A851D /* BSTDriver.cpp */; };
/* End PBXBuildFile section */

/* Begin PBXCopyFilesBuildPhase section */
		E273DB5B2267BD8E003110FB /* CopyFiles */ = {
			isa = PBXCopyFilesBuildPhase;
			buildActionMask = 2147483647;
			dstPath = /usr/share/man/man1/;
			dstSubfolderSpec = 0;
			files = (
			);
			runOnlyForDeploymentPostprocessing = 1;
		};
/* End PBXCopyFilesBuildPhase section */

/* Begin PBXFileReference section */
		E273DB5D2267BD8F003110FB /* FinalProject_V2 */ = {isa = PBXFileReference; explicitFileType = "compiled.mach-o.executable"; includeInIndex = 0; path = FinalProject_V2; sourceTree = BUILT_PRODUCTS_DIR; };
		E28A316D227A529D009A851D /* pictures.csv */ = {isa = PBXFileReference; fileEncoding = 4; lastKnownFileType = text; path = pictures.csv; sourceTree = "<group>"; };
		E28A316E227A529D009A851D /* nominations.csv */ = {isa = PBXFileReference; fileEncoding = 4; lastKnownFileType = text; path = nominations.csv; sourceTree = "<group>"; };
		E28A316F227A529D009A851D /* actor-actress.csv */ = {isa = PBXFileReference; fileEncoding = 4; lastKnownFileType = text; path = "actor-actress.csv"; sourceTree = "<group>"; };
		E28A3170227A529D009A851D /* functions.hpp */ = {isa = PBXFileReference; fileEncoding = 4; lastKnownFileType = sourcecode.cpp.h; path = functions.hpp; sourceTree = "<group>"; };
		E28A3171227A529D009A851D /* BSTree.h */ = {isa = PBXFileReference; fileEncoding = 4; lastKnownFileType = sourcecode.c.h; path = BSTree.h; sourceTree = "<group>"; };
		E28A3172227A529D009A851D /* makefile */ = {isa = PBXFileReference; fileEncoding = 4; lastKnownFileType = sourcecode.make; path = makefile; sourceTree = "<group>"; };
		E28A3173227A529D009A851D /* Node.h */ = {isa = PBXFileReference; fileEncoding = 4; lastKnownFileType = sourcecode.c.h; path = Node.h; sourceTree = "<group>"; };
		E28A3175227A529D009A851D /* BSTDriver.cpp */ = {isa = PBXFileReference; fileEncoding = 4; lastKnownFileType = sourcecode.cpp.cpp; path = BSTDriver.cpp; sourceTree = "<group>"; };
		E28A3177227A529D009A851D /* BSTree.hpp */ = {isa = PBXFileReference; fileEncoding = 4; lastKnownFileType = sourcecode.cpp.h; path = BSTree.hpp; sourceTree = "<group>"; };
/* End PBXFileReference section */

/* Begin PBXFrameworksBuildPhase section */
		E273DB5A2267BD8E003110FB /* Frameworks */ = {
			isa = PBXFrameworksBuildPhase;
			buildActionMask = 2147483647;
			files = (
			);
			runOnlyForDeploymentPostprocessing = 0;
		};
/* End PBXFrameworksBuildPhase section */

/* Begin PBXGroup section */
		E273DB542267BD8E003110FB = {
			isa = PBXGroup;
			children = (
				E28A316B227A529D009A851D /* MaxM_TomL_BSTFinalProject */,
				E273DB5E2267BD8F003110FB /* Products */,
			);
			sourceTree = "<group>";
		};
		E273DB5E2267BD8F003110FB /* Products */ = {
			isa = PBXGroup;
			children = (
				E273DB5D2267BD8F003110FB /* FinalProject_V2 */,
			);
			name = Products;
			sourceTree = "<group>";
		};
		E28A316B227A529D009A851D /* MaxM_TomL_BSTFinalProject */ = {
			isa = PBXGroup;
			children = (
				E28A316C227A529D009A851D /* InputFiles */,
				E28A3170227A529D009A851D /* functions.hpp */,
				E28A3171227A529D009A851D /* BSTree.h */,
				E28A3172227A529D009A851D /* makefile */,
				E28A3173227A529D009A851D /* Node.h */,
				E28A3175227A529D009A851D /* BSTDriver.cpp */,
				E28A3177227A529D009A851D /* BSTree.hpp */,
			);
			path = MaxM_TomL_BSTFinalProject;
			sourceTree = "<group>";
		};
		E28A316C227A529D009A851D /* InputFiles */ = {
			isa = PBXGroup;
			children = (
				E28A316D227A529D009A851D /* pictures.csv */,
				E28A316E227A529D009A851D /* nominations.csv */,
				E28A316F227A529D009A851D /* actor-actress.csv */,
			);
			path = InputFiles;
			sourceTree = "<group>";
		};
/* End PBXGroup section */

/* Begin PBXNativeTarget section */
		E273DB5C2267BD8E003110FB /* FinalProject_V2 */ = {
			isa = PBXNativeTarget;
			buildConfigurationList = E273DB642267BD8F003110FB /* Build configuration list for PBXNativeTarget "FinalProject_V2" */;
			buildPhases = (
				E273DB592267BD8E003110FB /* Sources */,
				E273DB5A2267BD8E003110FB /* Frameworks */,
				E273DB5B2267BD8E003110FB /* CopyFiles */,
			);
			buildRules = (
			);
			dependencies = (
			);
			name = FinalProject_V2;
			productName = FinalProject_V2;
			productReference = E273DB5D2267BD8F003110FB /* FinalProject_V2 */;
			productType = "com.apple.product-type.tool";
		};
/* End PBXNativeTarget section */

/* Begin PBXProject section */
		E273DB552267BD8E003110FB /* Project object */ = {
			isa = PBXProject;
			attributes = {
				LastUpgradeCheck = 1020;
				ORGANIZATIONNAME = "Tom Lucero";
				TargetAttributes = {
					E273DB5C2267BD8E003110FB = {
						CreatedOnToolsVersion = 10.2;
					};
				};
			};
			buildConfigurationList = E273DB582267BD8E003110FB /* Build configuration list for PBXProject "FinalProject_V2" */;
			compatibilityVersion = "Xcode 9.3";
			developmentRegion = en;
			hasScannedForEncodings = 0;
			knownRegions = (
				en,
			);
			mainGroup = E273DB542267BD8E003110FB;
			productRefGroup = E273DB5E2267BD8F003110FB /* Products */;
			projectDirPath = "";
			projectRoot = "";
			targets = (
				E273DB5C2267BD8E003110FB /* FinalProject_V2 */,
			);
		};
/* End PBXProject section */

/* Begin PBXSourcesBuildPhase section */
		E273DB592267BD8E003110FB /* Sources */ = {
			isa = PBXSourcesBuildPhase;
			buildActionMask = 2147483647;
			files = (
				E28A317B227A529D009A851D /* BSTDriver.cpp in Sources */,
			);
			runOnlyForDeploymentPostprocessing = 0;
		};
/* End PBXSourcesBuildPhase section */

/* Begin XCBuildConfiguration section */
		E273DB622267BD8F003110FB /* Debug */ = {
			isa = XCBuildConfiguration;
			buildSettings = {
				ALWAYS_SEARCH_USER_PATHS = NO;
				CLANG_ANALYZER_NONNULL = YES;
				CLANG_ANALYZER_NUMBER_OBJECT_CONVERSION = YES_AGGRESSIVE;
				CLANG_CXX_LANGUAGE_STANDARD = "gnu++14";
				CLANG_CXX_LIBRARY = "libc++";
				CLANG_ENABLE_MODULES = YES;
				CLANG_ENABLE_OBJC_ARC = YES;
				CLANG_ENABLE_OBJC_WEAK = YES;
				CLANG_WARN_BLOCK_CAPTURE_AUTORELEASING = YES;
				CLANG_WARN_BOOL_CONVERSION = YES;
				CLANG_WARN_COMMA = YES;
				CLANG_WARN_CONSTANT_CONVERSION = YES;
				CLANG_WARN_DEPRECATED_OBJC_IMPLEMENTATIONS = YES;
				CLANG_WARN_DIRECT_OBJC_ISA_USAGE = YES_ERROR;
				CLANG_WARN_DOCUMENTATION_COMMENTS = YES;
				CLANG_WARN_EMPTY_BODY = YES;
				CLANG_WARN_ENUM_CONVERSION = YES;
				CLANG_WARN_INFINITE_RECURSION = YES;
				CLANG_WARN_INT_CONVERSION = YES;
				CLANG_WARN_NON_LITERAL_NULL_CONVERSION = YES;
				CLANG_WARN_OBJC_IMPLICIT_RETAIN_SELF = YES;
				CLANG_WARN_OBJC_LITERAL_CONVERSION = YES;
				CLANG_WARN_OBJC_ROOT_CLASS = YES_ERROR;
				CLANG_WARN_RANGE_LOOP_ANALYSIS = YES;
				CLANG_WARN_STRICT_PROTOTYPES = YES;
				CLANG_WARN_SUSPICIOUS_MOVE = YES;
				CLANG_WARN_UNGUARDED_AVAILABILITY = YES_AGGRESSIVE;
				CLANG_WARN_UNREACHABLE_CODE = YES;
				CLANG_WARN__DUPLICATE_METHOD_MATCH = YES;
				CODE_SIGN_IDENTITY = "-";
				COPY_PHASE_STRIP = NO;
				DEBUG_INFORMATION_FORMAT = dwarf;
				ENABLE_STRICT_OBJC_MSGSEND = YES;
				ENABLE_TESTABILITY = YES;
				GCC_C_LANGUAGE_STANDARD = gnu11;
				GCC_DYNAMIC_NO_PIC = NO;
				GCC_NO_COMMON_BLOCKS = YES;
				GCC_OPTIMIZATION_LEVEL = 0;
				GCC_PREPROCESSOR_DEFINITIONS = (
					"DEBUG=1",
					"$(inherited)",
				);
				GCC_WARN_64_TO_32_BIT_CONVERSION = YES;
				GCC_WARN_ABOUT_RETURN_TYPE = YES_ERROR;
				GCC_WARN_UNDECLARED_SELECTOR = YES;
				GCC_WARN_UNINITIALIZED_AUTOS = YES_AGGRESSIVE;
				GCC_WARN_UNUSED_FUNCTION = YES;
				GCC_WARN_UNUSED_VARIABLE = YES;
				MACOSX_DEPLOYMENT_TARGET = 10.14;
				MTL_ENABLE_DEBUG_INFO = INCLUDE_SOURCE;
				MTL_FAST_MATH = YES;
				ONLY_ACTIVE_ARCH = YES;
				SDKROOT = macosx;
			};
			name = Debug;
		};
		E273DB632267BD8F003110FB /* Release */ = {
			isa = XCBuildConfiguration;
			buildSettings = {
				ALWAYS_SEARCH_USER_PATHS = NO;
				CLANG_ANALYZER_NONNULL = YES;
				CLANG_ANALYZER_NUMBER_OBJECT_CONVERSION = YES_AGGRESSIVE;
				CLANG_CXX_LANGUAGE_STANDARD = "gnu++14";
				CLANG_CXX_LIBRARY = "libc++";
				CLANG_ENABLE_MODULES = YES;
				CLANG_ENABLE_OBJC_ARC = YES;
				CLANG_ENABLE_OBJC_WEAK = YES;
				CLANG_WARN_BLOCK_CAPTURE_AUTORELEASING = YES;
				CLANG_WARN_BOOL_CONVERSION = YES;
				CLANG_WARN_COMMA = YES;
				CLANG_WARN_CONSTANT_CONVERSION = YES;
				CLANG_WARN_DEPRECATED_OBJC_IMPLEMENTATIONS = YES;
				CLANG_WARN_DIRECT_OBJC_ISA_USAGE = YES_ERROR;
				CLANG_WARN_DOCUMENTATION_COMMENTS = YES;
				CLANG_WARN_EMPTY_BODY = YES;
				CLANG_WARN_ENUM_CONVERSION = YES;
				CLANG_WARN_INFINITE_RECURSION = YES;
				CLANG_WARN_INT_CONVERSION = YES;
				CLANG_WARN_NON_LITERAL_NULL_CONVERSION = YES;
				CLANG_WARN_OBJC_IMPLICIT_RETAIN_SELF = YES;
				CLANG_WARN_OBJC_LITERAL_CONVERSION = YES;
				CLANG_WARN_OBJC_ROOT_CLASS = YES_ERROR;
				CLANG_WARN_RANGE_LOOP_ANALYSIS = YES;
				CLANG_WARN_STRICT_PROTOTYPES = YES;
				CLANG_WARN_SUSPICIOUS_MOVE = YES;
				CLANG_WARN_UNGUARDED_AVAILABILITY = YES_AGGRESSIVE;
				CLANG_WARN_UNREACHABLE_CODE = YES;
				CLANG_WARN__DUPLICATE_METHOD_MATCH = YES;
				CODE_SIGN_IDENTITY = "-";
				COPY_PHASE_STRIP = NO;
				DEBUG_INFORMATION_FORMAT = "dwarf-with-dsym";
				ENABLE_NS_ASSERTIONS = NO;
				ENABLE_STRICT_OBJC_MSGSEND = YES;
				GCC_C_LANGUAGE_STANDARD = gnu11;
				GCC_NO_COMMON_BLOCKS = YES;
				GCC_WARN_64_TO_32_BIT_CONVERSION = YES;
				GCC_WARN_ABOUT_RETURN_TYPE = YES_ERROR;
				GCC_WARN_UNDECLARED_SELECTOR = YES;
				GCC_WARN_UNINITIALIZED_AUTOS = YES_AGGRESSIVE;
				GCC_WARN_UNUSED_FUNCTION = YES;
				GCC_WARN_UNUSED_VARIABLE = YES;
				MACOSX_DEPLOYMENT_TARGET = 10.14;
				MTL_ENABLE_DEBUG_INFO = NO;
				MTL_FAST_MATH = YES;
				SDKROOT = macosx;
			};
			name = Release;
		};
		E273DB652267BD8F003110FB /* Debug */ = {
			isa = XCBuildConfiguration;
			buildSettings = {
				CODE_SIGN_STYLE = Automatic;
				PRODUCT_NAME = "$(TARGET_NAME)";
			};
			name = Debug;
		};
		E273DB662267BD8F003110FB /* Release */ = {
			isa = XCBuildConfiguration;
			buildSettings = {
				CODE_SIGN_STYLE = Automatic;
				PRODUCT_NAME = "$(TARGET_NAME)";
			};
			name = Release;
		};
/* End XCBuildConfiguration section */

/* Begin XCConfigurationList section */
		E273DB582267BD8E003110FB /* Build configuration list for PBXProject "FinalProject_V2" */ = {
			isa = XCConfigurationList;
			buildConfigurations = (
				E273DB622267BD8F003110FB /* Debug */,
				E273DB632267BD8F003110FB /* Release */,
			);
			defaultConfigurationIsVisible = 0;
			defaultConfigurationName = Release;
		};
		E273DB642267BD8F003110FB /* Build configuration list for PBXNativeTarget "FinalProject_V2" */ = {
			isa = XCConfigurationList;
			buildConfigurations = (
				E273DB652267BD8F003110FB /* Debug */,
				E273DB662267BD8F003110FB /* Release */,
			);
			defaultConfigurationIsVisible = 0;
			defaultConfigurationName = Release;
		};
/* End XCConfigurationList section */
	};
	rootObject = E273DB552267BD8E003110FB /* Project object */;
}
